
Microsoft Visual Studio Solution File, Format Version 12.00
# Visual Studio Version 16
VisualStudioVersion = 16.0.31729.503
MinimumVisualStudioVersion = 10.0.40219.1
Project("{FAE04EC0-301F-11D3-BF4B-00C04F79EFBC}") = "WPFApp", "WPFApp\WPFApp.csproj", "{67BBCA3E-40FF-461C-8406-36ADE47C9E63}"
EndProject
Global
	GlobalSection(SolutionConfigurationPlatforms) = preSolution
		Debug|Any CPU = Debug|Any CPU
		Release|Any CPU = Release|Any CPU
	EndGlobalSection
	GlobalSection(ProjectConfigurationPlatforms) = postSolution
		{67BBCA3E-40FF-461C-8406-36ADE47C9E63}.Debug|Any CPU.ActiveCfg = Debug|Any CPU
		{67BBCA3E-40FF-461C-8406-36ADE47C9E63}.Debug|Any CPU.Build.0 = Debug|Any CPU
		{67BBCA3E-40FF-461C-8406-36ADE47C9E63}.Release|Any CPU.ActiveCfg = Release|Any CPU
		{67BBCA3E-40FF-461C-8406-36ADE47C9E63}.Release|Any CPU.Build.0 = Release|Any CPU
	EndGlobalSection
	GlobalSection(SolutionProperties) = preSolution
		HideSolutionNode = FALSE
	EndGlobalSection
	GlobalSection(ExtensibilityGlobals) = postSolution
		SolutionGuid = {FD0B208E-3007-4877-9664-75300DD491E9}
	EndGlobalSection
EndGlobal
